dependencies:
- name: bank-common
  repository: file://../../bank-common
  version: 0.1.0
- name: zipkin
  repository: file://../../bank-services/zipkin
  version: 0.1.0
- name: configserver
  repository: file://../../bank-services/configserver
  version: 0.1.0
- name: eurekaserver
  repository: file://../../bank-services/eurekaserver
  version: 0.1.0
- name: accounts
  repository: file://../../bank-services/accounts
  version: 0.1.0
- name: cards
  repository: file://../../bank-services/cards
  version: 0.1.0
- name: loans
  repository: file://../../bank-services/loans
  version: 0.1.0
- name: gatewayserver
  repository: file://../../bank-services/gatewayserver
  version: 0.1.0
digest: sha256:b80d0cfe8ac550949869336639f8e0e19a46997e3855bf605308bab0c814e149
generated: "2023-05-08T16:17:54.897750831+02:00"
